
Microsoft Visual Studio Solution File, Format Version 12.00
# Visual Studio Version 17
VisualStudioVersion = 17.8.34322.80
MinimumVisualStudioVersion = 10.0.40219.1
Project("{FAE04EC0-301F-11D3-BF4B-00C04F79EFBC}") = "WeekTwoClosing", "WeekTwoClosing\WeekTwoClosing.csproj", "{57632F39-3153-4AC9-A2E2-382AFAEE0088}"
EndProject
Global
	GlobalSection(SolutionConfigurationPlatforms) = preSolution
		Debug|Any CPU = Debug|Any CPU
		Release|Any CPU = Release|Any CPU
	EndGlobalSection
	GlobalSection(ProjectConfigurationPlatforms) = postSolution
		{57632F39-3153-4AC9-A2E2-382AFAEE0088}.Debug|Any CPU.ActiveCfg = Debug|Any CPU
		{57632F39-3153-4AC9-A2E2-382AFAEE0088}.Debug|Any CPU.Build.0 = Debug|Any CPU
		{57632F39-3153-4AC9-A2E2-382AFAEE0088}.Release|Any CPU.ActiveCfg = Release|Any CPU
		{57632F39-3153-4AC9-A2E2-382AFAEE0088}.Release|Any CPU.Build.0 = Release|Any CPU
	EndGlobalSection
	GlobalSection(SolutionProperties) = preSolution
		HideSolutionNode = FALSE
	EndGlobalSection
	GlobalSection(ExtensibilityGlobals) = postSolution
		SolutionGuid = {912EFEF3-183B-418C-A479-234B8BABF9CF}
	EndGlobalSection
EndGlobal
